// !$*UTF8*$!
{
	archiveVersion = 1;
	classes = {
	};
	objectVersion = 50;
	objects = {

/* Begin PBXBuildFile section */
		0F1565C62191CABB009D8033 /* debugger_exception_ports.c in Sources */ = {isa = PBXBuildFile; fileRef = 0F1565C52191CABB009D8033 /* debugger_exception_ports.c */; };
		0F25FC19228C6BE00041F80E /* YD_Thread_Chomper_CVC.swift in Sources */ = {isa = PBXBuildFile; fileRef = 0F25FC18228C6BE00041F80E /* YD_Thread_Chomper_CVC.swift */; };
		0F2E46E22356F0A000E8C57D /* YD_URLSession_VC.swift in Sources */ = {isa = PBXBuildFile; fileRef = 0F2E46E12356F0A000E8C57D /* YD_URLSession_VC.swift */; };
		0F2E46E42356F18100E8C57D /* YD_URL_Session.swift in Sources */ = {isa = PBXBuildFile; fileRef = 0F2E46E32356F18100E8C57D /* YD_URL_Session.swift */; };
		0F2E46E62356F18900E8C57D /* YD_Error.swift in Sources */ = {isa = PBXBuildFile; fileRef = 0F2E46E52356F18900E8C57D /* YD_Error.swift */; };
		0F328B5322A4E00F00594085 /* YD_Button_Ext.swift in Sources */ = {isa = PBXBuildFile; fileRef = 0F328B5222A4E00F00594085 /* YD_Button_Ext.swift */; };
		0F328B5522A532BB00594085 /* thread_chomper.m in Sources */ = {isa = PBXBuildFile; fileRef = 0F328B5422A532BB00594085 /* thread_chomper.m */; };
		0F358CE32525C10F00804C44 /* YD_Random_VC.swift in Sources */ = {isa = PBXBuildFile; fileRef = 0F358CE22525C10F00804C44 /* YD_Random_VC.swift */; };
		0F59981622046D62001D0DAF /* YD_Enclave_VC.swift in Sources */ = {isa = PBXBuildFile; fileRef = 0F59981522046D62001D0DAF /* YD_Enclave_VC.swift */; };
		0F68B5AA21B8519C00C0D35F /* YD_Enclave_Manager.swift in Sources */ = {isa = PBXBuildFile; fileRef = 0F68B5A921B8519C00C0D35F /* YD_Enclave_Manager.swift */; };
		0FF69547228EED8500D767C4 /* YDAliceSDK.framework in Frameworks */ = {isa = PBXBuildFile; fileRef = 0FB4C597228EEC770017BDFA /* YDAliceSDK.framework */; };
		0FF69548228EED8500D767C4 /* YDAliceSDK.framework in Embed Frameworks */ = {isa = PBXBuildFile; fileRef = 0FB4C597228EEC770017BDFA /* YDAliceSDK.framework */; settings = {ATTRIBUTES = (CodeSignOnCopy, RemoveHeadersOnCopy, ); }; };
		30D4BA0A2115E00700C31AE5 /* RNCryptor.swift in Sources */ = {isa = PBXBuildFile; fileRef = 30D4BA092115E00600C31AE5 /* RNCryptor.swift */; };
		30D4BA0F2115E1C100C31AE5 /* YD_Crypto.swift in Sources */ = {isa = PBXBuildFile; fileRef = 30D4BA0E2115E1C100C31AE5 /* YD_Crypto.swift */; };
		30D4E6E72080725700ABE7AA /* YD_App_Delegate.swift in Sources */ = {isa = PBXBuildFile; fileRef = 30D4E6E62080725700ABE7AA /* YD_App_Delegate.swift */; };
		30D4E6E92080725700ABE7AA /* YD_Home_VC.swift in Sources */ = {isa = PBXBuildFile; fileRef = 30D4E6E82080725700ABE7AA /* YD_Home_VC.swift */; };
		30D4E6EC2080725700ABE7AA /* Main.storyboard in Resources */ = {isa = PBXBuildFile; fileRef = 30D4E6EA2080725700ABE7AA /* Main.storyboard */; };
		30D4E6EE2080725900ABE7AA /* Assets.xcassets in Resources */ = {isa = PBXBuildFile; fileRef = 30D4E6ED2080725900ABE7AA /* Assets.xcassets */; };
		30D4E6F12080725900ABE7AA /* LaunchScreen.storyboard in Resources */ = {isa = PBXBuildFile; fileRef = 30D4E6EF2080725900ABE7AA /* LaunchScreen.storyboard */; };
		30D4E6FB2080729900ABE7AA /* debugger_sysctl.c in Sources */ = {isa = PBXBuildFile; fileRef = 30D4E6F92080729900ABE7AA /* debugger_sysctl.c */; };
		30D4E6FE208072CD00ABE7AA /* YD_Alert_Helper.swift in Sources */ = {isa = PBXBuildFile; fileRef = 30D4E6FC208072CD00ABE7AA /* YD_Alert_Helper.swift */; };
		30D4E6FF208072CD00ABE7AA /* YD_Time_Helper.swift in Sources */ = {isa = PBXBuildFile; fileRef = 30D4E6FD208072CD00ABE7AA /* YD_Time_Helper.swift */; };
		30E59AE2209C9EAF00CCFAE2 /* debugger_ptrace.c in Sources */ = {isa = PBXBuildFile; fileRef = 30E59AE1209C9EAF00CCFAE2 /* debugger_ptrace.c */; };
/* End PBXBuildFile section */

/* Begin PBXCopyFilesBuildPhase section */
		30627FF122817DB100E441B1 /* Embed Frameworks */ = {
			isa = PBXCopyFilesBuildPhase;
			buildActionMask = 2147483647;
			dstPath = "";
			dstSubfolderSpec = 10;
			files = (
				0FF69548228EED8500D767C4 /* YDAliceSDK.framework in Embed Frameworks */,
			);
			name = "Embed Frameworks";
			runOnlyForDeploymentPostprocessing = 0;
		};
/* End PBXCopyFilesBuildPhase section */

/* Begin PBXFileReference section */
		0F1565C42191CABB009D8033 /* debugger_exception_ports.h */ = {isa = PBXFileReference; lastKnownFileType = sourcecode.c.h; path = debugger_exception_ports.h; sourceTree = "<group>"; };
		0F1565C52191CABB009D8033 /* debugger_exception_ports.c */ = {isa = PBXFileReference; lastKnownFileType = sourcecode.c.c; path = debugger_exception_ports.c; sourceTree = "<group>"; };
		0F25FC18228C6BE00041F80E /* YD_Thread_Chomper_CVC.swift */ = {isa = PBXFileReference; lastKnownFileType = sourcecode.swift; name = YD_Thread_Chomper_CVC.swift; path = debugger_challenge/swift_source/YD_Thread_Chomper_CVC.swift; sourceTree = SOURCE_ROOT; };
		0F2E46E12356F0A000E8C57D /* YD_URLSession_VC.swift */ = {isa = PBXFileReference; lastKnownFileType = sourcecode.swift; path = YD_URLSession_VC.swift; sourceTree = "<group>"; };
		0F2E46E32356F18100E8C57D /* YD_URL_Session.swift */ = {isa = PBXFileReference; fileEncoding = 4; lastKnownFileType = sourcecode.swift; path = YD_URL_Session.swift; sourceTree = "<group>"; };
		0F2E46E52356F18900E8C57D /* YD_Error.swift */ = {isa = PBXFileReference; fileEncoding = 4; lastKnownFileType = sourcecode.swift; path = YD_Error.swift; sourceTree = "<group>"; };
		0F328B5222A4E00F00594085 /* YD_Button_Ext.swift */ = {isa = PBXFileReference; lastKnownFileType = sourcecode.swift; name = YD_Button_Ext.swift; path = debugger_challenge/swift_source/YD_Button_Ext.swift; sourceTree = SOURCE_ROOT; };
		0F328B5422A532BB00594085 /* thread_chomper.m */ = {isa = PBXFileReference; lastKnownFileType = sourcecode.c.objc; path = thread_chomper.m; sourceTree = "<group>"; };
		0F328B5622A5338A00594085 /* thread_chomper.h */ = {isa = PBXFileReference; lastKnownFileType = sourcecode.c.h; path = thread_chomper.h; sourceTree = "<group>"; };
		0F358CE22525C10F00804C44 /* YD_Random_VC.swift */ = {isa = PBXFileReference; lastKnownFileType = sourcecode.swift; path = YD_Random_VC.swift; sourceTree = "<group>"; };
		0F59981522046D62001D0DAF /* YD_Enclave_VC.swift */ = {isa = PBXFileReference; lastKnownFileType = sourcecode.swift; path = YD_Enclave_VC.swift; sourceTree = "<group>"; };
		0F68B5A921B8519C00C0D35F /* YD_Enclave_Manager.swift */ = {isa = PBXFileReference; lastKnownFileType = sourcecode.swift; path = YD_Enclave_Manager.swift; sourceTree = "<group>"; };
		0F82A83C23585ECC00728710 /* YDSwizzleNSURLSession.m */ = {isa = PBXFileReference; fileEncoding = 4; lastKnownFileType = sourcecode.c.objc; path = YDSwizzleNSURLSession.m; sourceTree = "<group>"; };
		0FB4C597228EEC770017BDFA /* YDAliceSDK.framework */ = {isa = PBXFileReference; lastKnownFileType = wrapper.framework; path = YDAliceSDK.framework; sourceTree = "<group>"; };
		0FDA5653235EBEBA00BD0077 /* YDSwizzleNSURL.m */ = {isa = PBXFileReference; lastKnownFileType = sourcecode.c.objc; path = YDSwizzleNSURL.m; sourceTree = "<group>"; };
		30D4BA092115E00600C31AE5 /* RNCryptor.swift */ = {isa = PBXFileReference; fileEncoding = 4; lastKnownFileType = sourcecode.swift; path = RNCryptor.swift; sourceTree = "<group>"; };
		30D4BA0C2115E03500C31AE5 /* RNCryptor.h */ = {isa = PBXFileReference; fileEncoding = 4; lastKnownFileType = sourcecode.c.h; path = RNCryptor.h; sourceTree = "<group>"; };
		30D4BA0E2115E1C100C31AE5 /* YD_Crypto.swift */ = {isa = PBXFileReference; lastKnownFileType = sourcecode.swift; path = YD_Crypto.swift; sourceTree = "<group>"; };
		30D4E6E32080725700ABE7AA /* debugger_challenge.app */ = {isa = PBXFileReference; explicitFileType = wrapper.application; includeInIndex = 0; path = debugger_challenge.app; sourceTree = BUILT_PRODUCTS_DIR; };
		30D4E6E62080725700ABE7AA /* YD_App_Delegate.swift */ = {isa = PBXFileReference; lastKnownFileType = sourcecode.swift; path = YD_App_Delegate.swift; sourceTree = "<group>"; };
		30D4E6E82080725700ABE7AA /* YD_Home_VC.swift */ = {isa = PBXFileReference; lastKnownFileType = sourcecode.swift; path = YD_Home_VC.swift; sourceTree = "<group>"; };
		30D4E6EB2080725700ABE7AA /* Base */ = {isa = PBXFileReference; lastKnownFileType = file.storyboard; name = Base; path = Base.lproj/Main.storyboard; sourceTree = "<group>"; };
		30D4E6ED2080725900ABE7AA /* Assets.xcassets */ = {isa = PBXFileReference; lastKnownFileType = folder.assetcatalog; path = Assets.xcassets; sourceTree = "<group>"; };
		30D4E6F02080725900ABE7AA /* Base */ = {isa = PBXFileReference; lastKnownFileType = file.storyboard; name = Base; path = Base.lproj/LaunchScreen.storyboard; sourceTree = "<group>"; };
		30D4E6F22080725900ABE7AA /* Info.plist */ = {isa = PBXFileReference; lastKnownFileType = text.plist.xml; path = Info.plist; sourceTree = "<group>"; };
		30D4E6F82080729800ABE7AA /* debugger_challenge-Bridging-Header.h */ = {isa = PBXFileReference; lastKnownFileType = sourcecode.c.h; path = "debugger_challenge-Bridging-Header.h"; sourceTree = "<group>"; };
		30D4E6F92080729900ABE7AA /* debugger_sysctl.c */ = {isa = PBXFileReference; fileEncoding = 4; lastKnownFileType = sourcecode.c.c; path = debugger_sysctl.c; sourceTree = "<group>"; };
		30D4E6FA2080729900ABE7AA /* debugger_sysctl.h */ = {isa = PBXFileReference; fileEncoding = 4; lastKnownFileType = sourcecode.c.h; path = debugger_sysctl.h; sourceTree = "<group>"; };
		30D4E6FC208072CD00ABE7AA /* YD_Alert_Helper.swift */ = {isa = PBXFileReference; fileEncoding = 4; lastKnownFileType = sourcecode.swift; path = YD_Alert_Helper.swift; sourceTree = "<group>"; };
		30D4E6FD208072CD00ABE7AA /* YD_Time_Helper.swift */ = {isa = PBXFileReference; fileEncoding = 4; lastKnownFileType = sourcecode.swift; path = YD_Time_Helper.swift; sourceTree = "<group>"; };
		30E59AE0209C9EAE00CCFAE2 /* debugger_ptrace.h */ = {isa = PBXFileReference; fileEncoding = 4; lastKnownFileType = sourcecode.c.h; path = debugger_ptrace.h; sourceTree = "<group>"; };
		30E59AE1209C9EAF00CCFAE2 /* debugger_ptrace.c */ = {isa = PBXFileReference; fileEncoding = 4; lastKnownFileType = sourcecode.c.c; path = debugger_ptrace.c; sourceTree = "<group>"; };
/* End PBXFileReference section */

/* Begin PBXFrameworksBuildPhase section */
		30D4E6E02080725700ABE7AA /* Frameworks */ = {
			isa = PBXFrameworksBuildPhase;
			buildActionMask = 2147483647;
			files = (
				0FF69547228EED8500D767C4 /* YDAliceSDK.framework in Frameworks */,
			);
			runOnlyForDeploymentPostprocessing = 0;
		};
/* End PBXFrameworksBuildPhase section */

/* Begin PBXGroup section */
		0F25FC17228C6B850041F80E /* swift_source */ = {
			isa = PBXGroup;
			children = (
				30D4E6E82080725700ABE7AA /* YD_Home_VC.swift */,
				0F358CE22525C10F00804C44 /* YD_Random_VC.swift */,
				0F2E46E12356F0A000E8C57D /* YD_URLSession_VC.swift */,
				0F2E46E32356F18100E8C57D /* YD_URL_Session.swift */,
				0F2E46E52356F18900E8C57D /* YD_Error.swift */,
				0F59981522046D62001D0DAF /* YD_Enclave_VC.swift */,
				0F25FC18228C6BE00041F80E /* YD_Thread_Chomper_CVC.swift */,
				0F328B5222A4E00F00594085 /* YD_Button_Ext.swift */,
				0F68B5A921B8519C00C0D35F /* YD_Enclave_Manager.swift */,
				30D4BA0E2115E1C100C31AE5 /* YD_Crypto.swift */,
				30D4E6E62080725700ABE7AA /* YD_App_Delegate.swift */,
				30D4E6FC208072CD00ABE7AA /* YD_Alert_Helper.swift */,
				30D4E6FD208072CD00ABE7AA /* YD_Time_Helper.swift */,
			);
			path = swift_source;
			sourceTree = "<group>";
		};
		0F68B5A821B84F2000C0D35F /* c_source */ = {
			isa = PBXGroup;
			children = (
				0F82A83C23585ECC00728710 /* YDSwizzleNSURLSession.m */,
				0FDA5653235EBEBA00BD0077 /* YDSwizzleNSURL.m */,
				30D4E6F92080729900ABE7AA /* debugger_sysctl.c */,
				30D4E6FA2080729900ABE7AA /* debugger_sysctl.h */,
				0F328B5622A5338A00594085 /* thread_chomper.h */,
				0F328B5422A532BB00594085 /* thread_chomper.m */,
				30E59AE1209C9EAF00CCFAE2 /* debugger_ptrace.c */,
				30E59AE0209C9EAE00CCFAE2 /* debugger_ptrace.h */,
				0F1565C42191CABB009D8033 /* debugger_exception_ports.h */,
				0F1565C52191CABB009D8033 /* debugger_exception_ports.c */,
			);
			path = c_source;
			sourceTree = "<group>";
		};
		30D4BA082115E00600C31AE5 /* RNCryptor */ = {
			isa = PBXGroup;
			children = (
				30D4BA0C2115E03500C31AE5 /* RNCryptor.h */,
				30D4BA092115E00600C31AE5 /* RNCryptor.swift */,
			);
			name = RNCryptor;
			path = debugger_challenge/RNCryptor;
			sourceTree = "<group>";
		};
		30D4E6DA2080725700ABE7AA = {
			isa = PBXGroup;
			children = (
				30D4E6E52080725700ABE7AA /* debugger_challenge */,
				30D4BA082115E00600C31AE5 /* RNCryptor */,
				30D4E6E42080725700ABE7AA /* Products */,
			);
			sourceTree = "<group>";
		};
		30D4E6E42080725700ABE7AA /* Products */ = {
			isa = PBXGroup;
			children = (
				30D4E6E32080725700ABE7AA /* debugger_challenge.app */,
			);
			name = Products;
			sourceTree = "<group>";
		};
		30D4E6E52080725700ABE7AA /* debugger_challenge */ = {
			isa = PBXGroup;
			children = (
				0FB4C597228EEC770017BDFA /* YDAliceSDK.framework */,
				0F25FC17228C6B850041F80E /* swift_source */,
				0F68B5A821B84F2000C0D35F /* c_source */,
				30D4E6ED2080725900ABE7AA /* Assets.xcassets */,
				30D4E6EA2080725700ABE7AA /* Main.storyboard */,
				30D4E6EF2080725900ABE7AA /* LaunchScreen.storyboard */,
				30D4E6F22080725900ABE7AA /* Info.plist */,
				30D4E6F82080729800ABE7AA /* debugger_challenge-Bridging-Header.h */,
			);
			path = debugger_challenge;
			sourceTree = "<group>";
		};
/* End PBXGroup section */

/* Begin PBXNativeTarget section */
		30D4E6E22080725700ABE7AA /* debugger_challenge */ = {
			isa = PBXNativeTarget;
			buildConfigurationList = 30D4E6F52080725900ABE7AA /* Build configuration list for PBXNativeTarget "debugger_challenge" */;
			buildPhases = (
				30D4E6DF2080725700ABE7AA /* Sources */,
				30D4E6E02080725700ABE7AA /* Frameworks */,
				30D4E6E12080725700ABE7AA /* Resources */,
				30627FF122817DB100E441B1 /* Embed Frameworks */,
			);
			buildRules = (
			);
			dependencies = (
			);
			name = debugger_challenge;
			productName = debugger_challenge;
			productReference = 30D4E6E32080725700ABE7AA /* debugger_challenge.app */;
			productType = "com.apple.product-type.application";
		};
/* End PBXNativeTarget section */

/* Begin PBXProject section */
		30D4E6DB2080725700ABE7AA /* Project object */ = {
			isa = PBXProject;
			attributes = {
				LastSwiftUpdateCheck = 0930;
				LastUpgradeCheck = 1020;
				ORGANIZATIONNAME = rusty_magneto;
				TargetAttributes = {
					30D4E6E22080725700ABE7AA = {
						CreatedOnToolsVersion = 9.3;
						LastSwiftMigration = 1020;
					};
				};
			};
			buildConfigurationList = 30D4E6DE2080725700ABE7AA /* Build configuration list for PBXProject "debugger_challenge" */;
			compatibilityVersion = "Xcode 9.3";
			developmentRegion = en;
			hasScannedForEncodings = 0;
			knownRegions = (
				en,
				Base,
			);
			mainGroup = 30D4E6DA2080725700ABE7AA;
			productRefGroup = 30D4E6E42080725700ABE7AA /* Products */;
			projectDirPath = "";
			projectRoot = "";
			targets = (
				30D4E6E22080725700ABE7AA /* debugger_challenge */,
			);
		};
/* End PBXProject section */

/* Begin PBXResourcesBuildPhase section */
		30D4E6E12080725700ABE7AA /* Resources */ = {
			isa = PBXResourcesBuildPhase;
			buildActionMask = 2147483647;
			files = (
				30D4E6F12080725900ABE7AA /* LaunchScreen.storyboard in Resources */,
				30D4E6EE2080725900ABE7AA /* Assets.xcassets in Resources */,
				30D4E6EC2080725700ABE7AA /* Main.storyboard in Resources */,
			);
			runOnlyForDeploymentPostprocessing = 0;
		};
/* End PBXResourcesBuildPhase section */

/* Begin PBXSourcesBuildPhase section */
		30D4E6DF2080725700ABE7AA /* Sources */ = {
			isa = PBXSourcesBuildPhase;
			buildActionMask = 2147483647;
			files = (
				30D4E6E92080725700ABE7AA /* YD_Home_VC.swift in Sources */,
				0F2E46E42356F18100E8C57D /* YD_URL_Session.swift in Sources */,
				0F328B5522A532BB00594085 /* thread_chomper.m in Sources */,
				0F328B5322A4E00F00594085 /* YD_Button_Ext.swift in Sources */,
				30D4E6FB2080729900ABE7AA /* debugger_sysctl.c in Sources */,
				0F2E46E62356F18900E8C57D /* YD_Error.swift in Sources */,
				30D4E6FF208072CD00ABE7AA /* YD_Time_Helper.swift in Sources */,
				0F25FC19228C6BE00041F80E /* YD_Thread_Chomper_CVC.swift in Sources */,
				30D4BA0A2115E00700C31AE5 /* RNCryptor.swift in Sources */,
				0F1565C62191CABB009D8033 /* debugger_exception_ports.c in Sources */,
				0F68B5AA21B8519C00C0D35F /* YD_Enclave_Manager.swift in Sources */,
				30E59AE2209C9EAF00CCFAE2 /* debugger_ptrace.c in Sources */,
				30D4E6E72080725700ABE7AA /* YD_App_Delegate.swift in Sources */,
				30D4E6FE208072CD00ABE7AA /* YD_Alert_Helper.swift in Sources */,
				0F358CE32525C10F00804C44 /* YD_Random_VC.swift in Sources */,
				0F59981622046D62001D0DAF /* YD_Enclave_VC.swift in Sources */,
				30D4BA0F2115E1C100C31AE5 /* YD_Crypto.swift in Sources */,
				0F2E46E22356F0A000E8C57D /* YD_URLSession_VC.swift in Sources */,
			);
			runOnlyForDeploymentPostprocessing = 0;
		};
/* End PBXSourcesBuildPhase section */

/* Begin PBXVariantGroup section */
		30D4E6EA2080725700ABE7AA /* Main.storyboard */ = {
			isa = PBXVariantGroup;
			children = (
				30D4E6EB2080725700ABE7AA /* Base */,
			);
			name = Main.storyboard;
			sourceTree = "<group>";
		};
		30D4E6EF2080725900ABE7AA /* LaunchScreen.storyboard */ = {
			isa = PBXVariantGroup;
			children = (
				30D4E6F02080725900ABE7AA /* Base */,
			);
			name = LaunchScreen.storyboard;
			sourceTree = "<group>";
		};
/* End PBXVariantGroup section */

/* Begin XCBuildConfiguration section */
		30D4E6F32080725900ABE7AA /* Debug */ = {
			isa = XCBuildConfiguration;
			buildSettings = {
				ALWAYS_SEARCH_USER_PATHS = NO;
				CLANG_ANALYZER_NONNULL = YES;
				CLANG_ANALYZER_NUMBER_OBJECT_CONVERSION = YES_AGGRESSIVE;
				CLANG_CXX_LANGUAGE_STANDARD = "gnu++14";
				CLANG_CXX_LIBRARY = "libc++";
				CLANG_ENABLE_MODULES = YES;
				CLANG_ENABLE_OBJC_ARC = YES;
				CLANG_ENABLE_OBJC_WEAK = YES;
				CLANG_WARN_BLOCK_CAPTURE_AUTORELEASING = YES;
				CLANG_WARN_BOOL_CONVERSION = YES;
				CLANG_WARN_COMMA = YES;
				CLANG_WARN_CONSTANT_CONVERSION = YES;
				CLANG_WARN_DEPRECATED_OBJC_IMPLEMENTATIONS = YES;
				CLANG_WARN_DIRECT_OBJC_ISA_USAGE = YES_ERROR;
				CLANG_WARN_DOCUMENTATION_COMMENTS = YES;
				CLANG_WARN_EMPTY_BODY = YES;
				CLANG_WARN_ENUM_CONVERSION = YES;
				CLANG_WARN_INFINITE_RECURSION = YES;
				CLANG_WARN_INT_CONVERSION = YES;
				CLANG_WARN_NON_LITERAL_NULL_CONVERSION = YES;
				CLANG_WARN_OBJC_IMPLICIT_RETAIN_SELF = YES;
				CLANG_WARN_OBJC_LITERAL_CONVERSION = YES;
				CLANG_WARN_OBJC_ROOT_CLASS = YES_ERROR;
				CLANG_WARN_RANGE_LOOP_ANALYSIS = YES;
				CLANG_WARN_STRICT_PROTOTYPES = YES;
				CLANG_WARN_SUSPICIOUS_MOVE = YES;
				CLANG_WARN_UNGUARDED_AVAILABILITY = YES_AGGRESSIVE;
				CLANG_WARN_UNREACHABLE_CODE = YES;
				CLANG_WARN__DUPLICATE_METHOD_MATCH = YES;
				CODE_SIGN_IDENTITY = "iPhone Developer";
				COPY_PHASE_STRIP = NO;
				DEBUG_INFORMATION_FORMAT = dwarf;
				ENABLE_STRICT_OBJC_MSGSEND = YES;
				ENABLE_TESTABILITY = YES;
				FRAMEWORK_SEARCH_PATHS = "$(SRCROOT)/**";
				GCC_C_LANGUAGE_STANDARD = gnu11;
				GCC_DYNAMIC_NO_PIC = NO;
				GCC_NO_COMMON_BLOCKS = YES;
				GCC_OPTIMIZATION_LEVEL = 0;
				GCC_PREPROCESSOR_DEFINITIONS = (
					"DEBUG=1",
					"$(inherited)",
				);
				GCC_WARN_64_TO_32_BIT_CONVERSION = YES;
				GCC_WARN_ABOUT_RETURN_TYPE = YES_ERROR;
				GCC_WARN_UNDECLARED_SELECTOR = YES;
				GCC_WARN_UNINITIALIZED_AUTOS = YES_AGGRESSIVE;
				GCC_WARN_UNUSED_FUNCTION = YES;
				GCC_WARN_UNUSED_VARIABLE = YES;
				IPHONEOS_DEPLOYMENT_TARGET = 10.0;
				MTL_ENABLE_DEBUG_INFO = YES;
				ONLY_ACTIVE_ARCH = YES;
				SDKROOT = iphoneos;
				SWIFT_ACTIVE_COMPILATION_CONDITIONS = DEBUG;
				SWIFT_OPTIMIZATION_LEVEL = "-Onone";
			};
			name = Debug;
		};
		30D4E6F42080725900ABE7AA /* Release */ = {
			isa = XCBuildConfiguration;
			buildSettings = {
				ALWAYS_SEARCH_USER_PATHS = NO;
				CLANG_ANALYZER_NONNULL = YES;
				CLANG_ANALYZER_NUMBER_OBJECT_CONVERSION = YES_AGGRESSIVE;
				CLANG_CXX_LANGUAGE_STANDARD = "gnu++14";
				CLANG_CXX_LIBRARY = "libc++";
				CLANG_ENABLE_MODULES = YES;
				CLANG_ENABLE_OBJC_ARC = YES;
				CLANG_ENABLE_OBJC_WEAK = YES;
				CLANG_WARN_BLOCK_CAPTURE_AUTORELEASING = YES;
				CLANG_WARN_BOOL_CONVERSION = YES;
				CLANG_WARN_COMMA = YES;
				CLANG_WARN_CONSTANT_CONVERSION = YES;
				CLANG_WARN_DEPRECATED_OBJC_IMPLEMENTATIONS = YES;
				CLANG_WARN_DIRECT_OBJC_ISA_USAGE = YES_ERROR;
				CLANG_WARN_DOCUMENTATION_COMMENTS = YES;
				CLANG_WARN_EMPTY_BODY = YES;
				CLANG_WARN_ENUM_CONVERSION = YES;
				CLANG_WARN_INFINITE_RECURSION = YES;
				CLANG_WARN_INT_CONVERSION = YES;
				CLANG_WARN_NON_LITERAL_NULL_CONVERSION = YES;
				CLANG_WARN_OBJC_IMPLICIT_RETAIN_SELF = YES;
				CLANG_WARN_OBJC_LITERAL_CONVERSION = YES;
				CLANG_WARN_OBJC_ROOT_CLASS = YES_ERROR;
				CLANG_WARN_RANGE_LOOP_ANALYSIS = YES;
				CLANG_WARN_STRICT_PROTOTYPES = YES;
				CLANG_WARN_SUSPICIOUS_MOVE = YES;
				CLANG_WARN_UNGUARDED_AVAILABILITY = YES_AGGRESSIVE;
				CLANG_WARN_UNREACHABLE_CODE = YES;
				CLANG_WARN__DUPLICATE_METHOD_MATCH = YES;
				CODE_SIGN_IDENTITY = "iPhone Developer";
				COPY_PHASE_STRIP = NO;
				DEBUG_INFORMATION_FORMAT = "dwarf-with-dsym";
				ENABLE_NS_ASSERTIONS = NO;
				ENABLE_STRICT_OBJC_MSGSEND = YES;
				FRAMEWORK_SEARCH_PATHS = "$(SRCROOT)/**";
				GCC_C_LANGUAGE_STANDARD = gnu11;
				GCC_NO_COMMON_BLOCKS = YES;
				GCC_WARN_64_TO_32_BIT_CONVERSION = YES;
				GCC_WARN_ABOUT_RETURN_TYPE = YES_ERROR;
				GCC_WARN_UNDECLARED_SELECTOR = YES;
				GCC_WARN_UNINITIALIZED_AUTOS = YES_AGGRESSIVE;
				GCC_WARN_UNUSED_FUNCTION = YES;
				GCC_WARN_UNUSED_VARIABLE = YES;
				IPHONEOS_DEPLOYMENT_TARGET = 10.0;
				MTL_ENABLE_DEBUG_INFO = NO;
				SDKROOT = iphoneos;
				SWIFT_COMPILATION_MODE = wholemodule;
				SWIFT_OPTIMIZATION_LEVEL = "-O";
				VALIDATE_PRODUCT = YES;
			};
			name = Release;
		};
		30D4E6F62080725900ABE7AA /* Debug */ = {
			isa = XCBuildConfiguration;
			buildSettings = {
				ASSETCATALOG_COMPILER_APPICON_NAME = AppIcon;
				CLANG_ENABLE_MODULES = YES;
				CODE_SIGN_STYLE = Automatic;
				DEVELOPMENT_TEAM = U8MSEX235L;
				FRAMEWORK_SEARCH_PATHS = (
					"$(inherited)",
					"$(PROJECT_DIR)/**",
					"$(PROJECT_DIR)/debugger_challenge",
				);
				INFOPLIST_FILE = debugger_challenge/Info.plist;
				IPHONEOS_DEPLOYMENT_TARGET = 9.3;
				LD_RUNPATH_SEARCH_PATHS = (
					"$(inherited)",
					"@executable_path/Frameworks",
				);
				PRODUCT_BUNDLE_IDENTIFIER = "funky-chicken.debugger-challenge";
				PRODUCT_NAME = "$(TARGET_NAME)";
				SWIFT_OBJC_BRIDGING_HEADER = "debugger_challenge/debugger_challenge-Bridging-Header.h";
				SWIFT_OPTIMIZATION_LEVEL = "-Onone";
				SWIFT_VERSION = 4.2;
				TARGETED_DEVICE_FAMILY = "1,2";
			};
			name = Debug;
		};
		30D4E6F72080725900ABE7AA /* Release */ = {
			isa = XCBuildConfiguration;
			buildSettings = {
				ASSETCATALOG_COMPILER_APPICON_NAME = AppIcon;
				CLANG_ENABLE_MODULES = YES;
				CODE_SIGN_STYLE = Automatic;
				DEVELOPMENT_TEAM = U8MSEX235L;
				FRAMEWORK_SEARCH_PATHS = (
					"$(inherited)",
					"$(PROJECT_DIR)/**",
					"$(PROJECT_DIR)/debugger_challenge",
				);
				INFOPLIST_FILE = debugger_challenge/Info.plist;
				IPHONEOS_DEPLOYMENT_TARGET = 9.3;
				LD_RUNPATH_SEARCH_PATHS = (
					"$(inherited)",
					"@executable_path/Frameworks",
				);
				PRODUCT_BUNDLE_IDENTIFIER = "funky-chicken.debugger-challenge";
				PRODUCT_NAME = "$(TARGET_NAME)";
				SWIFT_OBJC_BRIDGING_HEADER = "debugger_challenge/debugger_challenge-Bridging-Header.h";
				SWIFT_VERSION = 4.2;
				TARGETED_DEVICE_FAMILY = "1,2";
			};
			name = Release;
		};
/* End XCBuildConfiguration section */

/* Begin XCConfigurationList section */
		30D4E6DE2080725700ABE7AA /* Build configuration list for PBXProject "debugger_challenge" */ = {
			isa = XCConfigurationList;
			buildConfigurations = (
				30D4E6F32080725900ABE7AA /* Debug */,
				30D4E6F42080725900ABE7AA /* Release */,
			);
			defaultConfigurationIsVisible = 0;
			defaultConfigurationName = Release;
		};
		30D4E6F52080725900ABE7AA /* Build configuration list for PBXNativeTarget "debugger_challenge" */ = {
			isa = XCConfigurationList;
			buildConfigurations = (
				30D4E6F62080725900ABE7AA /* Debug */,
				30D4E6F72080725900ABE7AA /* Release */,
			);
			defaultConfigurationIsVisible = 0;
			defaultConfigurationName = Release;
		};
/* End XCConfigurationList section */
	};
	rootObject = 30D4E6DB2080725700ABE7AA /* Project object */;
}
